<Solution>
  <Project Path="UniTask.Linq.csproj" />
  <Project Path="UniTask.csproj" />
  <Project Path="DevUtil.csproj" />
  <Project Path="Assembly-CSharp.csproj" />
  <Project Path="DevBasic.StateMachine.csproj" />
  <Project Path="DevBasic.Guid.csproj" />
  <Project Path="UniTask.Editor.csproj" />
  <Project Path="DevBasic.GameManager.csproj" />
  <Project Path="DevBasic.TextPrinter.csproj" />
  <Project Path="DevBasic.AudioSystem.csproj" />
  <Project Path="UniTask.TextMeshPro.csproj" />
  <Project Path="DevBasic.CS_Bezier.csproj" />
  <Project Path="DevBasic.SimpleSave.csproj" />
  <Project Path="DevUtilEditor.csproj" />
  <Project Path="UniTask.DOTween.csproj" />
  <Project Path="UniTask.Addressables.csproj" />
  <Project Path="DevelopeCore.csproj" />
  <Project Path="DrawExtension.csproj" />
</Solution>
